{
  "nodes": {
    "nixpkgs": {
      "locked": {
        "lastModified": 1749213349,
        "narHash": "sha256-UAaWOyQhdp7nXzsbmLVC67fo+QetzoTm9hsPf9X3yr4=",
        "owner": "NixOS",
        "repo": "nixpkgs",
        "rev": "a4ff0e3c64846abea89662bfbacf037ef4b34207",
        "type": "github"
      },
      "original": {
        "owner": "NixOS",
        "ref": "nixpkgs-unstable",
        "repo": "nixpkgs",
        "type": "github"
      }
    },
    "root": {
      "inputs": {
        "nixpkgs": "nixpkgs",
        "zmk-nix": "zmk-nix"
      }
    },
    "zmk-nix": {
      "inputs": {
        "nixpkgs": [
          "nixpkgs"
        ]
      },
      "locked": {
        "lastModified": 1749342622,
        "narHash": "sha256-pT2k2b/LlR87AD0p2RWoeGZiAyuy7tcQeVG0a22jTM8=",
        "owner": "lilyinstarlight",
        "repo": "zmk-nix",
        "rev": "3deea269b2c7f6598619d12ce45caa38437f5db4",
        "type": "github"
      },
      "original": {
        "owner": "lilyinstarlight",
        "repo": "zmk-nix",
        "type": "github"
      }
    }
  },
  "root": "root",
  "version": 7
}
