{
  "nodes": {
    "nixpkgs": {
      "locked": {
        "lastModified": 1733376361,
        "narHash": "sha256-aLJxoTDDSqB+/3orsulE6/qdlX6MzDLIITLZqdgMpqo=",
        "owner": "NixOS",
        "repo": "nixpkgs",
        "rev": "929116e316068c7318c54eb4d827f7d9756d5e9c",
        "type": "github"
      },
      "original": {
        "owner": "NixOS",
        "ref": "nixpkgs-unstable",
        "repo": "nixpkgs",
        "type": "github"
      }
    },
    "root": {
      "inputs": {
        "nixpkgs": "nixpkgs",
        "zmk-nix": "zmk-nix"
      }
    },
    "zmk-nix": {
      "inputs": {
        "nixpkgs": [
          "nixpkgs"
        ]
      },
      "locked": {
        "lastModified": 1733618330,
        "narHash": "sha256-lC6xmEq8bDNehHeJDnuW4E1/UUjaOYRV56VxYPrD7Lo=",
        "owner": "lilyinstarlight",
        "repo": "zmk-nix",
        "rev": "ca1be938a79673641a2e6ef9a9289cc8c320dc79",
        "type": "github"
      },
      "original": {
        "owner": "lilyinstarlight",
        "repo": "zmk-nix",
        "type": "github"
      }
    }
  },
  "root": "root",
  "version": 7
}
